
Microsoft Visual Studio Solution File, Format Version 12.00
# Visual Studio Version 17
VisualStudioVersion = 17.5.002.0
MinimumVisualStudioVersion = 10.0.40219.1
Project("{9A19103F-16F7-4668-BE54-9A1E7A4F7556}") = "WhatsLeftApi", "WhatsLeftApi\WhatsLeftApi.csproj", "{89CC0337-8237-49E7-92D3-602A94BCF71C}"
EndProject
Global
	GlobalSection(SolutionConfigurationPlatforms) = preSolution
		Debug|Any CPU = Debug|Any CPU
		Release|Any CPU = Release|Any CPU
	EndGlobalSection
	GlobalSection(ProjectConfigurationPlatforms) = postSolution
		{89CC0337-8237-49E7-92D3-602A94BCF71C}.Debug|Any CPU.ActiveCfg = Debug|Any CPU
		{89CC0337-8237-49E7-92D3-602A94BCF71C}.Debug|Any CPU.Build.0 = Debug|Any CPU
		{89CC0337-8237-49E7-92D3-602A94BCF71C}.Release|Any CPU.ActiveCfg = Release|Any CPU
		{89CC0337-8237-49E7-92D3-602A94BCF71C}.Release|Any CPU.Build.0 = Release|Any CPU
	EndGlobalSection
	GlobalSection(SolutionProperties) = preSolution
		HideSolutionNode = FALSE
	EndGlobalSection
	GlobalSection(ExtensibilityGlobals) = postSolution
		SolutionGuid = {AC47D4A2-0457-4045-AEA8-EA00AFD0CEC0}
	EndGlobalSection
EndGlobal
